<?xml version="1.0" encoding="utf-8"?>
<Project ToolsVersion="4.0" xmlns="http://schemas.microsoft.com/developer/msbuild/2003">
  <ItemGroup>
    <ClInclude Include="ClassFactory.h" />
    <ClInclude Include="Dispatch.h" />
    <ClInclude Include="DispatchInterfaceSelector.h" />
    <ClInclude Include="InterfaceList.h" />
    <ClInclude Include="Module.h" />
    <ClInclude Include="Object.h" />
    <ClInclude Include="ObjectList.h" />
    <ClInclude Include="Pointer.h" />
    <ClInclude Include="Com.h" />
  </ItemGroup>
  <ItemGroup>
    <None Include="Com.nuspec" />
    <None Include=".gitignore" />
  </ItemGroup>
</Project>